
Microsoft Visual Studio Solution File, Format Version 12.00
# Visual Studio Version 17
VisualStudioVersion = 17.0.31903.59
MinimumVisualStudioVersion = 10.0.40219.1
Project("{2150E333-8FDC-42A3-9474-1A3956D46DE8}") = "src", "src", "{711459DE-1592-47FE-9560-F27582D6999A}"
EndProject
Project("{FAE04EC0-301F-11D3-BF4B-00C04F79EFBC}") = "Domain", "src\Domain\Domain.csproj", "{AD9B9342-3FE9-46FB-98B5-DF8D373381D0}"
EndProject
Project("{FAE04EC0-301F-11D3-BF4B-00C04F79EFBC}") = "Application", "src\Application\Application.csproj", "{8D81DDB5-C6FA-4A74-9547-4FFEE6DFF517}"
EndProject
Project("{FAE04EC0-301F-11D3-BF4B-00C04F79EFBC}") = "Infrastructure", "src\Infrastructure\Infrastructure.csproj", "{9E57FDAF-234C-4B2D-BAEF-0D60BEDBF507}"
EndProject
Project("{FAE04EC0-301F-11D3-BF4B-00C04F79EFBC}") = "Api", "src\Api\Api.csproj", "{79C71C88-077B-4440-BA55-59674D8D9851}"
EndProject
Global
	GlobalSection(SolutionConfigurationPlatforms) = preSolution
		Debug|Any CPU = Debug|Any CPU
		Release|Any CPU = Release|Any CPU
	EndGlobalSection
	GlobalSection(SolutionProperties) = preSolution
		HideSolutionNode = FALSE
	EndGlobalSection
	GlobalSection(ProjectConfigurationPlatforms) = postSolution
		{AD9B9342-3FE9-46FB-98B5-DF8D373381D0}.Debug|Any CPU.ActiveCfg = Debug|Any CPU
		{AD9B9342-3FE9-46FB-98B5-DF8D373381D0}.Debug|Any CPU.Build.0 = Debug|Any CPU
		{AD9B9342-3FE9-46FB-98B5-DF8D373381D0}.Release|Any CPU.ActiveCfg = Release|Any CPU
		{AD9B9342-3FE9-46FB-98B5-DF8D373381D0}.Release|Any CPU.Build.0 = Release|Any CPU
		{8D81DDB5-C6FA-4A74-9547-4FFEE6DFF517}.Debug|Any CPU.ActiveCfg = Debug|Any CPU
		{8D81DDB5-C6FA-4A74-9547-4FFEE6DFF517}.Debug|Any CPU.Build.0 = Debug|Any CPU
		{8D81DDB5-C6FA-4A74-9547-4FFEE6DFF517}.Release|Any CPU.ActiveCfg = Release|Any CPU
		{8D81DDB5-C6FA-4A74-9547-4FFEE6DFF517}.Release|Any CPU.Build.0 = Release|Any CPU
		{9E57FDAF-234C-4B2D-BAEF-0D60BEDBF507}.Debug|Any CPU.ActiveCfg = Debug|Any CPU
		{9E57FDAF-234C-4B2D-BAEF-0D60BEDBF507}.Debug|Any CPU.Build.0 = Debug|Any CPU
		{9E57FDAF-234C-4B2D-BAEF-0D60BEDBF507}.Release|Any CPU.ActiveCfg = Release|Any CPU
		{9E57FDAF-234C-4B2D-BAEF-0D60BEDBF507}.Release|Any CPU.Build.0 = Release|Any CPU
		{79C71C88-077B-4440-BA55-59674D8D9851}.Debug|Any CPU.ActiveCfg = Debug|Any CPU
		{79C71C88-077B-4440-BA55-59674D8D9851}.Debug|Any CPU.Build.0 = Debug|Any CPU
		{79C71C88-077B-4440-BA55-59674D8D9851}.Release|Any CPU.ActiveCfg = Release|Any CPU
		{79C71C88-077B-4440-BA55-59674D8D9851}.Release|Any CPU.Build.0 = Release|Any CPU
	EndGlobalSection
	GlobalSection(NestedProjects) = preSolution
		{AD9B9342-3FE9-46FB-98B5-DF8D373381D0} = {711459DE-1592-47FE-9560-F27582D6999A}
		{8D81DDB5-C6FA-4A74-9547-4FFEE6DFF517} = {711459DE-1592-47FE-9560-F27582D6999A}
		{9E57FDAF-234C-4B2D-BAEF-0D60BEDBF507} = {711459DE-1592-47FE-9560-F27582D6999A}
		{79C71C88-077B-4440-BA55-59674D8D9851} = {711459DE-1592-47FE-9560-F27582D6999A}
	EndGlobalSection
EndGlobal
